
Microsoft Visual Studio Solution File, Format Version 12.00
# Visual Studio Version 17
VisualStudioVersion = 17.1.32210.238
MinimumVisualStudioVersion = 10.0.40219.1
Project("{FAE04EC0-301F-11D3-BF4B-00C04F79EFBC}") = "CAQueue", "CAQueue\CAQueue.csproj", "{65CBF6FB-D02B-413D-B7DE-EE6320DE0EAA}"
EndProject
Global
	GlobalSection(SolutionConfigurationPlatforms) = preSolution
		Debug|Any CPU = Debug|Any CPU
		Release|Any CPU = Release|Any CPU
	EndGlobalSection
	GlobalSection(ProjectConfigurationPlatforms) = postSolution
		{65CBF6FB-D02B-413D-B7DE-EE6320DE0EAA}.Debug|Any CPU.ActiveCfg = Debug|Any CPU
		{65CBF6FB-D02B-413D-B7DE-EE6320DE0EAA}.Debug|Any CPU.Build.0 = Debug|Any CPU
		{65CBF6FB-D02B-413D-B7DE-EE6320DE0EAA}.Release|Any CPU.ActiveCfg = Release|Any CPU
		{65CBF6FB-D02B-413D-B7DE-EE6320DE0EAA}.Release|Any CPU.Build.0 = Release|Any CPU
	EndGlobalSection
	GlobalSection(SolutionProperties) = preSolution
		HideSolutionNode = FALSE
	EndGlobalSection
	GlobalSection(ExtensibilityGlobals) = postSolution
		SolutionGuid = {24276FC9-D7DD-49D9-8B7F-65DE528A7EBD}
	EndGlobalSection
EndGlobal
